
Microsoft Visual Studio Solution File, Format Version 12.00
# Visual Studio 15
VisualStudioVersion = 15.0.26403.0
MinimumVisualStudioVersion = 10.0.40219.1
Project("{FAE04EC0-301F-11D3-BF4B-00C04F79EFBC}") = "DigitsRecognizer", "DigitsRecognizer\DigitsRecognizer.csproj", "{DADE22A2-7D67-4B66-A3FE-8222DAFE7E3D}"
EndProject
Project("{F2A71F9B-5D33-465A-A702-920D77279786}") = "DigitRecognizerFSharp", "DigitRecognizerFSharp\DigitRecognizerFSharp.fsproj", "{EB5ED47A-3F6D-4A3D-8A9C-5ED57694EB54}"
EndProject
Project("{F2A71F9B-5D33-465A-A702-920D77279786}") = "FsCalc", "FsCalc\FsCalc.fsproj", "{4CE610F9-4682-4653-8E1F-6A077153A23D}"
EndProject
Global
	GlobalSection(SolutionConfigurationPlatforms) = preSolution
		Debug|Any CPU = Debug|Any CPU
		Release|Any CPU = Release|Any CPU
	EndGlobalSection
	GlobalSection(ProjectConfigurationPlatforms) = postSolution
		{DADE22A2-7D67-4B66-A3FE-8222DAFE7E3D}.Debug|Any CPU.ActiveCfg = Debug|Any CPU
		{DADE22A2-7D67-4B66-A3FE-8222DAFE7E3D}.Debug|Any CPU.Build.0 = Debug|Any CPU
		{DADE22A2-7D67-4B66-A3FE-8222DAFE7E3D}.Release|Any CPU.ActiveCfg = Release|Any CPU
		{DADE22A2-7D67-4B66-A3FE-8222DAFE7E3D}.Release|Any CPU.Build.0 = Release|Any CPU
		{EB5ED47A-3F6D-4A3D-8A9C-5ED57694EB54}.Debug|Any CPU.ActiveCfg = Debug|Any CPU
		{EB5ED47A-3F6D-4A3D-8A9C-5ED57694EB54}.Debug|Any CPU.Build.0 = Debug|Any CPU
		{EB5ED47A-3F6D-4A3D-8A9C-5ED57694EB54}.Release|Any CPU.ActiveCfg = Release|Any CPU
		{EB5ED47A-3F6D-4A3D-8A9C-5ED57694EB54}.Release|Any CPU.Build.0 = Release|Any CPU
		{4CE610F9-4682-4653-8E1F-6A077153A23D}.Debug|Any CPU.ActiveCfg = Debug|Any CPU
		{4CE610F9-4682-4653-8E1F-6A077153A23D}.Debug|Any CPU.Build.0 = Debug|Any CPU
		{4CE610F9-4682-4653-8E1F-6A077153A23D}.Release|Any CPU.ActiveCfg = Release|Any CPU
		{4CE610F9-4682-4653-8E1F-6A077153A23D}.Release|Any CPU.Build.0 = Release|Any CPU
	EndGlobalSection
	GlobalSection(SolutionProperties) = preSolution
		HideSolutionNode = FALSE
	EndGlobalSection
EndGlobal
